
Microsoft Visual Studio Solution File, Format Version 12.00
# Visual Studio Version 16
VisualStudioVersion = 16.0.30128.74
MinimumVisualStudioVersion = 10.0.40219.1
Project("{9A19103F-16F7-4668-BE54-9A1E7A4F7556}") = "WebApplication1", "WebApplication1\WebApplication1.csproj", "{EDC27B08-4F6A-4A95-B6FD-43C5B0073264}"
EndProject
Project("{9A19103F-16F7-4668-BE54-9A1E7A4F7556}") = "Persistence", "Persistence\Persistence.csproj", "{BD0FF2C6-3C22-46B4-8531-0BBFA6B519DF}"
EndProject
Project("{9A19103F-16F7-4668-BE54-9A1E7A4F7556}") = "Entities", "Entities\Entities.csproj", "{34200191-546F-471C-A3CB-14B27E89D409}"
EndProject
Project("{9A19103F-16F7-4668-BE54-9A1E7A4F7556}") = "Command", "MeterCommand\Command.csproj", "{0D933E04-7B18-4923-8713-393E0A8AC55A}"
EndProject
Project("{9A19103F-16F7-4668-BE54-9A1E7A4F7556}") = "Amr", "Amr\Amr.csproj", "{B269B964-9EA2-41C9-B526-22323F5BF8F2}"
EndProject
Project("{9A19103F-16F7-4668-BE54-9A1E7A4F7556}") = "TCP", "TCP\TCP.csproj", "{DFD7AAB7-B05B-4F9F-9D89-3924898E5AF8}"
EndProject
Project("{9A19103F-16F7-4668-BE54-9A1E7A4F7556}") = "WebApi", "WebApi\WebApi.csproj", "{2E9FCBC8-CA50-4701-976F-CCE21621448F}"
EndProject
Project("{9A19103F-16F7-4668-BE54-9A1E7A4F7556}") = "CryptoLib", "CryptoLib\CryptoLib.csproj", "{A564BB01-D5C7-49B1-BA2F-584C6E70D57A}"
EndProject
Project("{FAE04EC0-301F-11D3-BF4B-00C04F79EFBC}") = "App1.Android", "App1\App1.Android\App1.Android.csproj", "{1269AD5A-9335-46A9-97DC-F1602FFE4514}"
EndProject
Project("{FAE04EC0-301F-11D3-BF4B-00C04F79EFBC}") = "App1.iOS", "App1\App1.iOS\App1.iOS.csproj", "{C0FBC8D3-CF4D-4F76-8C8A-CCBE048D088B}"
EndProject
Project("{FAE04EC0-301F-11D3-BF4B-00C04F79EFBC}") = "App1", "App1\App1\App1.csproj", "{295FEDAB-96E2-4A6E-B24E-7ABF3E51E3AA}"
EndProject
Global
	GlobalSection(SolutionConfigurationPlatforms) = preSolution
		Debug|Any CPU = Debug|Any CPU
		Debug|iPhone = Debug|iPhone
		Debug|iPhoneSimulator = Debug|iPhoneSimulator
		Debug|x86 = Debug|x86
		Release|Any CPU = Release|Any CPU
		Release|iPhone = Release|iPhone
		Release|iPhoneSimulator = Release|iPhoneSimulator
		Release|x86 = Release|x86
	EndGlobalSection
	GlobalSection(ProjectConfigurationPlatforms) = postSolution
		{EDC27B08-4F6A-4A95-B6FD-43C5B0073264}.Debug|Any CPU.ActiveCfg = Debug|Any CPU
		{EDC27B08-4F6A-4A95-B6FD-43C5B0073264}.Debug|Any CPU.Build.0 = Debug|Any CPU
		{EDC27B08-4F6A-4A95-B6FD-43C5B0073264}.Debug|iPhone.ActiveCfg = Debug|Any CPU
		{EDC27B08-4F6A-4A95-B6FD-43C5B0073264}.Debug|iPhone.Build.0 = Debug|Any CPU
		{EDC27B08-4F6A-4A95-B6FD-43C5B0073264}.Debug|iPhoneSimulator.ActiveCfg = Debug|Any CPU
		{EDC27B08-4F6A-4A95-B6FD-43C5B0073264}.Debug|iPhoneSimulator.Build.0 = Debug|Any CPU
		{EDC27B08-4F6A-4A95-B6FD-43C5B0073264}.Debug|x86.ActiveCfg = Debug|x86
		{EDC27B08-4F6A-4A95-B6FD-43C5B0073264}.Debug|x86.Build.0 = Debug|x86
		{EDC27B08-4F6A-4A95-B6FD-43C5B0073264}.Release|Any CPU.ActiveCfg = Release|Any CPU
		{EDC27B08-4F6A-4A95-B6FD-43C5B0073264}.Release|Any CPU.Build.0 = Release|Any CPU
		{EDC27B08-4F6A-4A95-B6FD-43C5B0073264}.Release|iPhone.ActiveCfg = Release|Any CPU
		{EDC27B08-4F6A-4A95-B6FD-43C5B0073264}.Release|iPhone.Build.0 = Release|Any CPU
		{EDC27B08-4F6A-4A95-B6FD-43C5B0073264}.Release|iPhoneSimulator.ActiveCfg = Release|Any CPU
		{EDC27B08-4F6A-4A95-B6FD-43C5B0073264}.Release|iPhoneSimulator.Build.0 = Release|Any CPU
		{EDC27B08-4F6A-4A95-B6FD-43C5B0073264}.Release|x86.ActiveCfg = Release|x86
		{EDC27B08-4F6A-4A95-B6FD-43C5B0073264}.Release|x86.Build.0 = Release|x86
		{BD0FF2C6-3C22-46B4-8531-0BBFA6B519DF}.Debug|Any CPU.ActiveCfg = Debug|Any CPU
		{BD0FF2C6-3C22-46B4-8531-0BBFA6B519DF}.Debug|Any CPU.Build.0 = Debug|Any CPU
		{BD0FF2C6-3C22-46B4-8531-0BBFA6B519DF}.Debug|iPhone.ActiveCfg = Debug|Any CPU
		{BD0FF2C6-3C22-46B4-8531-0BBFA6B519DF}.Debug|iPhone.Build.0 = Debug|Any CPU
		{BD0FF2C6-3C22-46B4-8531-0BBFA6B519DF}.Debug|iPhoneSimulator.ActiveCfg = Debug|Any CPU
		{BD0FF2C6-3C22-46B4-8531-0BBFA6B519DF}.Debug|iPhoneSimulator.Build.0 = Debug|Any CPU
		{BD0FF2C6-3C22-46B4-8531-0BBFA6B519DF}.Debug|x86.ActiveCfg = Debug|x86
		{BD0FF2C6-3C22-46B4-8531-0BBFA6B519DF}.Debug|x86.Build.0 = Debug|x86
		{BD0FF2C6-3C22-46B4-8531-0BBFA6B519DF}.Release|Any CPU.ActiveCfg = Release|Any CPU
		{BD0FF2C6-3C22-46B4-8531-0BBFA6B519DF}.Release|Any CPU.Build.0 = Release|Any CPU
		{BD0FF2C6-3C22-46B4-8531-0BBFA6B519DF}.Release|iPhone.ActiveCfg = Release|Any CPU
		{BD0FF2C6-3C22-46B4-8531-0BBFA6B519DF}.Release|iPhone.Build.0 = Release|Any CPU
		{BD0FF2C6-3C22-46B4-8531-0BBFA6B519DF}.Release|iPhoneSimulator.ActiveCfg = Release|Any CPU
		{BD0FF2C6-3C22-46B4-8531-0BBFA6B519DF}.Release|iPhoneSimulator.Build.0 = Release|Any CPU
		{BD0FF2C6-3C22-46B4-8531-0BBFA6B519DF}.Release|x86.ActiveCfg = Release|x86
		{BD0FF2C6-3C22-46B4-8531-0BBFA6B519DF}.Release|x86.Build.0 = Release|x86
		{34200191-546F-471C-A3CB-14B27E89D409}.Debug|Any CPU.ActiveCfg = Debug|Any CPU
		{34200191-546F-471C-A3CB-14B27E89D409}.Debug|Any CPU.Build.0 = Debug|Any CPU
		{34200191-546F-471C-A3CB-14B27E89D409}.Debug|iPhone.ActiveCfg = Debug|Any CPU
		{34200191-546F-471C-A3CB-14B27E89D409}.Debug|iPhone.Build.0 = Debug|Any CPU
		{34200191-546F-471C-A3CB-14B27E89D409}.Debug|iPhoneSimulator.ActiveCfg = Debug|Any CPU
		{34200191-546F-471C-A3CB-14B27E89D409}.Debug|iPhoneSimulator.Build.0 = Debug|Any CPU
		{34200191-546F-471C-A3CB-14B27E89D409}.Debug|x86.ActiveCfg = Debug|x86
		{34200191-546F-471C-A3CB-14B27E89D409}.Debug|x86.Build.0 = Debug|x86
		{34200191-546F-471C-A3CB-14B27E89D409}.Release|Any CPU.ActiveCfg = Release|Any CPU
		{34200191-546F-471C-A3CB-14B27E89D409}.Release|Any CPU.Build.0 = Release|Any CPU
		{34200191-546F-471C-A3CB-14B27E89D409}.Release|iPhone.ActiveCfg = Release|Any CPU
		{34200191-546F-471C-A3CB-14B27E89D409}.Release|iPhone.Build.0 = Release|Any CPU
		{34200191-546F-471C-A3CB-14B27E89D409}.Release|iPhoneSimulator.ActiveCfg = Release|Any CPU
		{34200191-546F-471C-A3CB-14B27E89D409}.Release|iPhoneSimulator.Build.0 = Release|Any CPU
		{34200191-546F-471C-A3CB-14B27E89D409}.Release|x86.ActiveCfg = Release|x86
		{34200191-546F-471C-A3CB-14B27E89D409}.Release|x86.Build.0 = Release|x86
		{0D933E04-7B18-4923-8713-393E0A8AC55A}.Debug|Any CPU.ActiveCfg = Debug|Any CPU
		{0D933E04-7B18-4923-8713-393E0A8AC55A}.Debug|Any CPU.Build.0 = Debug|Any CPU
		{0D933E04-7B18-4923-8713-393E0A8AC55A}.Debug|iPhone.ActiveCfg = Debug|Any CPU
		{0D933E04-7B18-4923-8713-393E0A8AC55A}.Debug|iPhone.Build.0 = Debug|Any CPU
		{0D933E04-7B18-4923-8713-393E0A8AC55A}.Debug|iPhoneSimulator.ActiveCfg = Debug|Any CPU
		{0D933E04-7B18-4923-8713-393E0A8AC55A}.Debug|iPhoneSimulator.Build.0 = Debug|Any CPU
		{0D933E04-7B18-4923-8713-393E0A8AC55A}.Debug|x86.ActiveCfg = Debug|x86
		{0D933E04-7B18-4923-8713-393E0A8AC55A}.Debug|x86.Build.0 = Debug|x86
		{0D933E04-7B18-4923-8713-393E0A8AC55A}.Release|Any CPU.ActiveCfg = Release|Any CPU
		{0D933E04-7B18-4923-8713-393E0A8AC55A}.Release|Any CPU.Build.0 = Release|Any CPU
		{0D933E04-7B18-4923-8713-393E0A8AC55A}.Release|iPhone.ActiveCfg = Release|Any CPU
		{0D933E04-7B18-4923-8713-393E0A8AC55A}.Release|iPhone.Build.0 = Release|Any CPU
		{0D933E04-7B18-4923-8713-393E0A8AC55A}.Release|iPhoneSimulator.ActiveCfg = Release|Any CPU
		{0D933E04-7B18-4923-8713-393E0A8AC55A}.Release|iPhoneSimulator.Build.0 = Release|Any CPU
		{0D933E04-7B18-4923-8713-393E0A8AC55A}.Release|x86.ActiveCfg = Release|x86
		{0D933E04-7B18-4923-8713-393E0A8AC55A}.Release|x86.Build.0 = Release|x86
		{B269B964-9EA2-41C9-B526-22323F5BF8F2}.Debug|Any CPU.ActiveCfg = Debug|Any CPU
		{B269B964-9EA2-41C9-B526-22323F5BF8F2}.Debug|Any CPU.Build.0 = Debug|Any CPU
		{B269B964-9EA2-41C9-B526-22323F5BF8F2}.Debug|iPhone.ActiveCfg = Debug|Any CPU
		{B269B964-9EA2-41C9-B526-22323F5BF8F2}.Debug|iPhone.Build.0 = Debug|Any CPU
		{B269B964-9EA2-41C9-B526-22323F5BF8F2}.Debug|iPhoneSimulator.ActiveCfg = Debug|Any CPU
		{B269B964-9EA2-41C9-B526-22323F5BF8F2}.Debug|iPhoneSimulator.Build.0 = Debug|Any CPU
		{B269B964-9EA2-41C9-B526-22323F5BF8F2}.Debug|x86.ActiveCfg = Debug|x86
		{B269B964-9EA2-41C9-B526-22323F5BF8F2}.Debug|x86.Build.0 = Debug|x86
		{B269B964-9EA2-41C9-B526-22323F5BF8F2}.Release|Any CPU.ActiveCfg = Release|Any CPU
		{B269B964-9EA2-41C9-B526-22323F5BF8F2}.Release|Any CPU.Build.0 = Release|Any CPU
		{B269B964-9EA2-41C9-B526-22323F5BF8F2}.Release|iPhone.ActiveCfg = Release|Any CPU
		{B269B964-9EA2-41C9-B526-22323F5BF8F2}.Release|iPhone.Build.0 = Release|Any CPU
		{B269B964-9EA2-41C9-B526-22323F5BF8F2}.Release|iPhoneSimulator.ActiveCfg = Release|Any CPU
		{B269B964-9EA2-41C9-B526-22323F5BF8F2}.Release|iPhoneSimulator.Build.0 = Release|Any CPU
		{B269B964-9EA2-41C9-B526-22323F5BF8F2}.Release|x86.ActiveCfg = Release|x86
		{B269B964-9EA2-41C9-B526-22323F5BF8F2}.Release|x86.Build.0 = Release|x86
		{DFD7AAB7-B05B-4F9F-9D89-3924898E5AF8}.Debug|Any CPU.ActiveCfg = Debug|Any CPU
		{DFD7AAB7-B05B-4F9F-9D89-3924898E5AF8}.Debug|Any CPU.Build.0 = Debug|Any CPU
		{DFD7AAB7-B05B-4F9F-9D89-3924898E5AF8}.Debug|iPhone.ActiveCfg = Debug|Any CPU
		{DFD7AAB7-B05B-4F9F-9D89-3924898E5AF8}.Debug|iPhone.Build.0 = Debug|Any CPU
		{DFD7AAB7-B05B-4F9F-9D89-3924898E5AF8}.Debug|iPhoneSimulator.ActiveCfg = Debug|Any CPU
		{DFD7AAB7-B05B-4F9F-9D89-3924898E5AF8}.Debug|iPhoneSimulator.Build.0 = Debug|Any CPU
		{DFD7AAB7-B05B-4F9F-9D89-3924898E5AF8}.Debug|x86.ActiveCfg = Debug|x86
		{DFD7AAB7-B05B-4F9F-9D89-3924898E5AF8}.Debug|x86.Build.0 = Debug|x86
		{DFD7AAB7-B05B-4F9F-9D89-3924898E5AF8}.Release|Any CPU.ActiveCfg = Release|Any CPU
		{DFD7AAB7-B05B-4F9F-9D89-3924898E5AF8}.Release|Any CPU.Build.0 = Release|Any CPU
		{DFD7AAB7-B05B-4F9F-9D89-3924898E5AF8}.Release|iPhone.ActiveCfg = Release|Any CPU
		{DFD7AAB7-B05B-4F9F-9D89-3924898E5AF8}.Release|iPhone.Build.0 = Release|Any CPU
		{DFD7AAB7-B05B-4F9F-9D89-3924898E5AF8}.Release|iPhoneSimulator.ActiveCfg = Release|Any CPU
		{DFD7AAB7-B05B-4F9F-9D89-3924898E5AF8}.Release|iPhoneSimulator.Build.0 = Release|Any CPU
		{DFD7AAB7-B05B-4F9F-9D89-3924898E5AF8}.Release|x86.ActiveCfg = Release|x86
		{DFD7AAB7-B05B-4F9F-9D89-3924898E5AF8}.Release|x86.Build.0 = Release|x86
		{2E9FCBC8-CA50-4701-976F-CCE21621448F}.Debug|Any CPU.ActiveCfg = Debug|Any CPU
		{2E9FCBC8-CA50-4701-976F-CCE21621448F}.Debug|Any CPU.Build.0 = Debug|Any CPU
		{2E9FCBC8-CA50-4701-976F-CCE21621448F}.Debug|iPhone.ActiveCfg = Debug|Any CPU
		{2E9FCBC8-CA50-4701-976F-CCE21621448F}.Debug|iPhone.Build.0 = Debug|Any CPU
		{2E9FCBC8-CA50-4701-976F-CCE21621448F}.Debug|iPhoneSimulator.ActiveCfg = Debug|Any CPU
		{2E9FCBC8-CA50-4701-976F-CCE21621448F}.Debug|iPhoneSimulator.Build.0 = Debug|Any CPU
		{2E9FCBC8-CA50-4701-976F-CCE21621448F}.Debug|x86.ActiveCfg = Debug|Any CPU
		{2E9FCBC8-CA50-4701-976F-CCE21621448F}.Debug|x86.Build.0 = Debug|Any CPU
		{2E9FCBC8-CA50-4701-976F-CCE21621448F}.Release|Any CPU.ActiveCfg = Release|Any CPU
		{2E9FCBC8-CA50-4701-976F-CCE21621448F}.Release|Any CPU.Build.0 = Release|Any CPU
		{2E9FCBC8-CA50-4701-976F-CCE21621448F}.Release|iPhone.ActiveCfg = Release|Any CPU
		{2E9FCBC8-CA50-4701-976F-CCE21621448F}.Release|iPhone.Build.0 = Release|Any CPU
		{2E9FCBC8-CA50-4701-976F-CCE21621448F}.Release|iPhoneSimulator.ActiveCfg = Release|Any CPU
		{2E9FCBC8-CA50-4701-976F-CCE21621448F}.Release|iPhoneSimulator.Build.0 = Release|Any CPU
		{2E9FCBC8-CA50-4701-976F-CCE21621448F}.Release|x86.ActiveCfg = Release|Any CPU
		{2E9FCBC8-CA50-4701-976F-CCE21621448F}.Release|x86.Build.0 = Release|Any CPU
		{A564BB01-D5C7-49B1-BA2F-584C6E70D57A}.Debug|Any CPU.ActiveCfg = Debug|Any CPU
		{A564BB01-D5C7-49B1-BA2F-584C6E70D57A}.Debug|Any CPU.Build.0 = Debug|Any CPU
		{A564BB01-D5C7-49B1-BA2F-584C6E70D57A}.Debug|iPhone.ActiveCfg = Debug|Any CPU
		{A564BB01-D5C7-49B1-BA2F-584C6E70D57A}.Debug|iPhone.Build.0 = Debug|Any CPU
		{A564BB01-D5C7-49B1-BA2F-584C6E70D57A}.Debug|iPhoneSimulator.ActiveCfg = Debug|Any CPU
		{A564BB01-D5C7-49B1-BA2F-584C6E70D57A}.Debug|iPhoneSimulator.Build.0 = Debug|Any CPU
		{A564BB01-D5C7-49B1-BA2F-584C6E70D57A}.Debug|x86.ActiveCfg = Debug|Any CPU
		{A564BB01-D5C7-49B1-BA2F-584C6E70D57A}.Debug|x86.Build.0 = Debug|Any CPU
		{A564BB01-D5C7-49B1-BA2F-584C6E70D57A}.Release|Any CPU.ActiveCfg = Release|Any CPU
		{A564BB01-D5C7-49B1-BA2F-584C6E70D57A}.Release|Any CPU.Build.0 = Release|Any CPU
		{A564BB01-D5C7-49B1-BA2F-584C6E70D57A}.Release|iPhone.ActiveCfg = Release|Any CPU
		{A564BB01-D5C7-49B1-BA2F-584C6E70D57A}.Release|iPhone.Build.0 = Release|Any CPU
		{A564BB01-D5C7-49B1-BA2F-584C6E70D57A}.Release|iPhoneSimulator.ActiveCfg = Release|Any CPU
		{A564BB01-D5C7-49B1-BA2F-584C6E70D57A}.Release|iPhoneSimulator.Build.0 = Release|Any CPU
		{A564BB01-D5C7-49B1-BA2F-584C6E70D57A}.Release|x86.ActiveCfg = Release|Any CPU
		{A564BB01-D5C7-49B1-BA2F-584C6E70D57A}.Release|x86.Build.0 = Release|Any CPU
		{1269AD5A-9335-46A9-97DC-F1602FFE4514}.Debug|Any CPU.ActiveCfg = Debug|Any CPU
		{1269AD5A-9335-46A9-97DC-F1602FFE4514}.Debug|Any CPU.Build.0 = Debug|Any CPU
		{1269AD5A-9335-46A9-97DC-F1602FFE4514}.Debug|Any CPU.Deploy.0 = Debug|Any CPU
		{1269AD5A-9335-46A9-97DC-F1602FFE4514}.Debug|iPhone.ActiveCfg = Debug|Any CPU
		{1269AD5A-9335-46A9-97DC-F1602FFE4514}.Debug|iPhone.Build.0 = Debug|Any CPU
		{1269AD5A-9335-46A9-97DC-F1602FFE4514}.Debug|iPhone.Deploy.0 = Debug|Any CPU
		{1269AD5A-9335-46A9-97DC-F1602FFE4514}.Debug|iPhoneSimulator.ActiveCfg = Debug|Any CPU
		{1269AD5A-9335-46A9-97DC-F1602FFE4514}.Debug|iPhoneSimulator.Build.0 = Debug|Any CPU
		{1269AD5A-9335-46A9-97DC-F1602FFE4514}.Debug|iPhoneSimulator.Deploy.0 = Debug|Any CPU
		{1269AD5A-9335-46A9-97DC-F1602FFE4514}.Debug|x86.ActiveCfg = Debug|Any CPU
		{1269AD5A-9335-46A9-97DC-F1602FFE4514}.Debug|x86.Build.0 = Debug|Any CPU
		{1269AD5A-9335-46A9-97DC-F1602FFE4514}.Debug|x86.Deploy.0 = Debug|Any CPU
		{1269AD5A-9335-46A9-97DC-F1602FFE4514}.Release|Any CPU.ActiveCfg = Release|Any CPU
		{1269AD5A-9335-46A9-97DC-F1602FFE4514}.Release|Any CPU.Build.0 = Release|Any CPU
		{1269AD5A-9335-46A9-97DC-F1602FFE4514}.Release|Any CPU.Deploy.0 = Release|Any CPU
		{1269AD5A-9335-46A9-97DC-F1602FFE4514}.Release|iPhone.ActiveCfg = Release|Any CPU
		{1269AD5A-9335-46A9-97DC-F1602FFE4514}.Release|iPhone.Build.0 = Release|Any CPU
		{1269AD5A-9335-46A9-97DC-F1602FFE4514}.Release|iPhone.Deploy.0 = Release|Any CPU
		{1269AD5A-9335-46A9-97DC-F1602FFE4514}.Release|iPhoneSimulator.ActiveCfg = Release|Any CPU
		{1269AD5A-9335-46A9-97DC-F1602FFE4514}.Release|iPhoneSimulator.Build.0 = Release|Any CPU
		{1269AD5A-9335-46A9-97DC-F1602FFE4514}.Release|iPhoneSimulator.Deploy.0 = Release|Any CPU
		{1269AD5A-9335-46A9-97DC-F1602FFE4514}.Release|x86.ActiveCfg = Release|Any CPU
		{1269AD5A-9335-46A9-97DC-F1602FFE4514}.Release|x86.Build.0 = Release|Any CPU
		{1269AD5A-9335-46A9-97DC-F1602FFE4514}.Release|x86.Deploy.0 = Release|Any CPU
		{C0FBC8D3-CF4D-4F76-8C8A-CCBE048D088B}.Debug|Any CPU.ActiveCfg = Debug|iPhone
		{C0FBC8D3-CF4D-4F76-8C8A-CCBE048D088B}.Debug|iPhone.ActiveCfg = Debug|iPhone
		{C0FBC8D3-CF4D-4F76-8C8A-CCBE048D088B}.Debug|iPhone.Build.0 = Debug|iPhone
		{C0FBC8D3-CF4D-4F76-8C8A-CCBE048D088B}.Debug|iPhoneSimulator.ActiveCfg = Debug|iPhoneSimulator
		{C0FBC8D3-CF4D-4F76-8C8A-CCBE048D088B}.Debug|iPhoneSimulator.Build.0 = Debug|iPhoneSimulator
		{C0FBC8D3-CF4D-4F76-8C8A-CCBE048D088B}.Debug|x86.ActiveCfg = Debug|iPhone
		{C0FBC8D3-CF4D-4F76-8C8A-CCBE048D088B}.Release|Any CPU.ActiveCfg = Release|iPhone
		{C0FBC8D3-CF4D-4F76-8C8A-CCBE048D088B}.Release|iPhone.ActiveCfg = Release|iPhone
		{C0FBC8D3-CF4D-4F76-8C8A-CCBE048D088B}.Release|iPhone.Build.0 = Release|iPhone
		{C0FBC8D3-CF4D-4F76-8C8A-CCBE048D088B}.Release|iPhoneSimulator.ActiveCfg = Release|iPhoneSimulator
		{C0FBC8D3-CF4D-4F76-8C8A-CCBE048D088B}.Release|iPhoneSimulator.Build.0 = Release|iPhoneSimulator
		{C0FBC8D3-CF4D-4F76-8C8A-CCBE048D088B}.Release|x86.ActiveCfg = Release|iPhone
		{295FEDAB-96E2-4A6E-B24E-7ABF3E51E3AA}.Debug|Any CPU.ActiveCfg = Debug|Any CPU
		{295FEDAB-96E2-4A6E-B24E-7ABF3E51E3AA}.Debug|Any CPU.Build.0 = Debug|Any CPU
		{295FEDAB-96E2-4A6E-B24E-7ABF3E51E3AA}.Debug|iPhone.ActiveCfg = Debug|Any CPU
		{295FEDAB-96E2-4A6E-B24E-7ABF3E51E3AA}.Debug|iPhone.Build.0 = Debug|Any CPU
		{295FEDAB-96E2-4A6E-B24E-7ABF3E51E3AA}.Debug|iPhoneSimulator.ActiveCfg = Debug|Any CPU
		{295FEDAB-96E2-4A6E-B24E-7ABF3E51E3AA}.Debug|iPhoneSimulator.Build.0 = Debug|Any CPU
		{295FEDAB-96E2-4A6E-B24E-7ABF3E51E3AA}.Debug|x86.ActiveCfg = Debug|Any CPU
		{295FEDAB-96E2-4A6E-B24E-7ABF3E51E3AA}.Debug|x86.Build.0 = Debug|Any CPU
		{295FEDAB-96E2-4A6E-B24E-7ABF3E51E3AA}.Release|Any CPU.ActiveCfg = Release|Any CPU
		{295FEDAB-96E2-4A6E-B24E-7ABF3E51E3AA}.Release|Any CPU.Build.0 = Release|Any CPU
		{295FEDAB-96E2-4A6E-B24E-7ABF3E51E3AA}.Release|iPhone.ActiveCfg = Release|Any CPU
		{295FEDAB-96E2-4A6E-B24E-7ABF3E51E3AA}.Release|iPhone.Build.0 = Release|Any CPU
		{295FEDAB-96E2-4A6E-B24E-7ABF3E51E3AA}.Release|iPhoneSimulator.ActiveCfg = Release|Any CPU
		{295FEDAB-96E2-4A6E-B24E-7ABF3E51E3AA}.Release|iPhoneSimulator.Build.0 = Release|Any CPU
		{295FEDAB-96E2-4A6E-B24E-7ABF3E51E3AA}.Release|x86.ActiveCfg = Release|Any CPU
		{295FEDAB-96E2-4A6E-B24E-7ABF3E51E3AA}.Release|x86.Build.0 = Release|Any CPU
	EndGlobalSection
	GlobalSection(SolutionProperties) = preSolution
		HideSolutionNode = FALSE
	EndGlobalSection
	GlobalSection(ExtensibilityGlobals) = postSolution
		SolutionGuid = {A1672AA4-ACC9-4BC1-8187-2BB2CAA49C54}
	EndGlobalSection
EndGlobal
