
Microsoft Visual Studio Solution File, Format Version 12.00
# Visual Studio Version 16
VisualStudioVersion = 16.0.30128.74
MinimumVisualStudioVersion = 10.0.40219.1
Project("{9A19103F-16F7-4668-BE54-9A1E7A4F7556}") = "WebApplication1", "WebApplication1\WebApplication1.csproj", "{EDC27B08-4F6A-4A95-B6FD-43C5B0073264}"
EndProject
Project("{FAE04EC0-301F-11D3-BF4B-00C04F79EFBC}") = "IntegrationTests", "IntegrationTests\IntegrationTests.csproj", "{50A35793-6A1A-420B-BE4F-4A798A1FD700}"
EndProject
Global
	GlobalSection(SolutionConfigurationPlatforms) = preSolution
		Debug|Any CPU = Debug|Any CPU
		Release|Any CPU = Release|Any CPU
	EndGlobalSection
	GlobalSection(ProjectConfigurationPlatforms) = postSolution
		{EDC27B08-4F6A-4A95-B6FD-43C5B0073264}.Debug|Any CPU.ActiveCfg = Debug|Any CPU
		{EDC27B08-4F6A-4A95-B6FD-43C5B0073264}.Debug|Any CPU.Build.0 = Debug|Any CPU
		{EDC27B08-4F6A-4A95-B6FD-43C5B0073264}.Release|Any CPU.ActiveCfg = Release|Any CPU
		{EDC27B08-4F6A-4A95-B6FD-43C5B0073264}.Release|Any CPU.Build.0 = Release|Any CPU
		{50A35793-6A1A-420B-BE4F-4A798A1FD700}.Debug|Any CPU.ActiveCfg = Debug|Any CPU
		{50A35793-6A1A-420B-BE4F-4A798A1FD700}.Debug|Any CPU.Build.0 = Debug|Any CPU
		{50A35793-6A1A-420B-BE4F-4A798A1FD700}.Release|Any CPU.ActiveCfg = Release|Any CPU
		{50A35793-6A1A-420B-BE4F-4A798A1FD700}.Release|Any CPU.Build.0 = Release|Any CPU
	EndGlobalSection
	GlobalSection(SolutionProperties) = preSolution
		HideSolutionNode = FALSE
	EndGlobalSection
	GlobalSection(ExtensibilityGlobals) = postSolution
		SolutionGuid = {A1672AA4-ACC9-4BC1-8187-2BB2CAA49C54}
	EndGlobalSection
EndGlobal
